<?xml version="1.0" encoding="UTF-8" standalone="yes" ?>
<CodeBlocks_project_file>
	<FileVersion major="1" minor="6" />
	<Project>
		<Option title="cb" />
		<Option pch_mode="2" />
		<Option compiler="gcc" />
		<Build>
			<Target title="bin\">
				<Option output="bin/!Arbiter" prefix_auto="1" extension_auto="1" />
				<Option working_dir="bin/" />
				<Option object_output="obj/" />
				<Option type="1" />
				<Option compiler="gcc" />
				<Compiler>
					<Add option="-O2" />
					<Add option="-std=c++17" />
				</Compiler>
			</Target>
		</Build>
		<Compiler>
			<Add option="-Wall" />
			<Add option="-fexceptions" />
		</Compiler>
		<Unit filename="ai_cpp_dll/code/ai_xlat.h" />
		<Unit filename="ai_cpp_dll/code/common.h" />
		<Unit filename="ai_cpp_dll/code/configload.h" />
		<Unit filename="ai_cpp_dll/code/debug.h" />
		<Unit filename="code/aishell.h" />
		<Unit filename="code/arbiter.h" />
		<Unit filename="code/dll_maneger.h" />
		<Unit filename="code/file.h" />
		<Unit filename="code/game.h" />
		<Unit filename="code/main.cpp" />
		<Unit filename="code/mylib.h" />
		<Unit filename="code/player.h" />
		<Unit filename="code/statistics.h" />
		<Extensions>
			<lib_finder disable_auto="1" />
		</Extensions>
	</Project>
</CodeBlocks_project_file>
