<?xml version="1.0" encoding="UTF-8" standalone="yes" ?>
<CodeBlocks_project_file>
	<FileVersion major="1" minor="6" />
	<Project>
		<Option title="ai_cpp_dll" />
		<Option pch_mode="2" />
		<Option compiler="gcc" />
		<Build>
			<Target title="bin\">
				<Option output="../bin/smallevil" prefix_auto="1" extension_auto="1" />
				<Option working_dir="../bin" />
				<Option object_output="obj/" />
				<Option type="3" />
				<Option compiler="msys_gcc-93" />
				<Option projectCompilerOptionsRelation="-1" />
				<Option projectLinkerOptionsRelation="-1" />
				<Option projectIncludeDirsRelation="-1" />
				<Option projectLibDirsRelation="-1" />
				<Compiler>
					<Add option="-O" />
					<Add option="-std=c++17" />
				</Compiler>
				<MakeCommands>
					<Build command="" />
					<CompileFile command="" />
					<Clean command="" />
					<DistClean command="" />
					<AskRebuildNeeded command="" />
					<SilentBuild command=" &gt; $(CMD_NULL)" />
				</MakeCommands>
			</Target>
		</Build>
		<Unit filename="code/SmallEvil.dll.cpp" />
		<Unit filename="code/ai.dll.h" />
		<Extensions />
	</Project>
</CodeBlocks_project_file>
